
Microsoft Visual Studio Solution File, Format Version 12.00
# Visual Studio 15
VisualStudioVersion = 15.0.26124.0
MinimumVisualStudioVersion = 15.0.26124.0
Project("{2150E333-8FDC-42A3-9474-1A3956D46DE8}") = "Web", "Web", "{3BA6D2D7-AF7D-463F-BB18-8F65C742C862}"
EndProject
Project("{FAE04EC0-301F-11D3-BF4B-00C04F79EFBC}") = "Piast.Web", "Web\Piast.Web\Piast.Web.csproj", "{8359F232-A3ED-44F5-95DA-1A71C7D2FD52}"
EndProject
Project("{FAE04EC0-301F-11D3-BF4B-00C04F79EFBC}") = "Piast.Web.Tests", "Web\Piast.Web.Tests\Piast.Web.Tests.csproj", "{1669541A-60E5-43B0-91A2-94E4C26F8BAC}"
EndProject
Project("{2150E333-8FDC-42A3-9474-1A3956D46DE8}") = "Api", "Api", "{B0047C76-717C-485C-80E4-FE88FCF47796}"
EndProject
Project("{FAE04EC0-301F-11D3-BF4B-00C04F79EFBC}") = "Piast.Api", "Api\Piast.Api\Piast.Api.csproj", "{CC0A062C-2EA6-48E9-A873-B042CBB80565}"
EndProject
Project("{FAE04EC0-301F-11D3-BF4B-00C04F79EFBC}") = "Piast.Api.Infrastructure", "Api\Piast.Api.Infrastructure\Piast.Api.Infrastructure.csproj", "{8D74575C-ACEA-4B3A-9B9A-FA9F7C18B05A}"
EndProject
Project("{FAE04EC0-301F-11D3-BF4B-00C04F79EFBC}") = "Piast.Api.Domain", "Api\Piast.Api.Domain\Piast.Api.Domain.csproj", "{7FFD3AE6-E25F-4D40-A3AD-5E0C065AA3F0}"
EndProject
Project("{FAE04EC0-301F-11D3-BF4B-00C04F79EFBC}") = "Piast.Api.Infrastructure.Tests", "Api\Piast.Api.Infrastructure.Tests\Piast.Api.Infrastructure.Tests.csproj", "{CA3FAD45-0545-4AFA-9F7A-AE5B06A824C7}"
EndProject
Project("{FAE04EC0-301F-11D3-BF4B-00C04F79EFBC}") = "Piast.Api.Tests", "Api\Piast.Api.Tests\Piast.Api.Tests.csproj", "{75CAA4AA-672F-412A-895C-4D5E38FCA6B1}"
EndProject
Project("{FAE04EC0-301F-11D3-BF4B-00C04F79EFBC}") = "Piast.Web.Core", "Web\Piast.Web.Core\Piast.Web.Core.csproj", "{7CE2A787-B530-4D42-AE4B-306A7197BE9D}"
EndProject
Project("{FAE04EC0-301F-11D3-BF4B-00C04F79EFBC}") = "Piast.Web.Core.Tests", "Web\Piast.Web.Core.Tests\Piast.Web.Core.Tests.csproj", "{C3916F9A-F35A-47CF-9C48-60F819C9E44E}"
EndProject
Global
	GlobalSection(SolutionConfigurationPlatforms) = preSolution
		Debug|Any CPU = Debug|Any CPU
		Debug|x64 = Debug|x64
		Debug|x86 = Debug|x86
		Release|Any CPU = Release|Any CPU
		Release|x64 = Release|x64
		Release|x86 = Release|x86
	EndGlobalSection
	GlobalSection(SolutionProperties) = preSolution
		HideSolutionNode = FALSE
	EndGlobalSection
	GlobalSection(ProjectConfigurationPlatforms) = postSolution
		{8359F232-A3ED-44F5-95DA-1A71C7D2FD52}.Debug|Any CPU.ActiveCfg = Debug|Any CPU
		{8359F232-A3ED-44F5-95DA-1A71C7D2FD52}.Debug|Any CPU.Build.0 = Debug|Any CPU
		{8359F232-A3ED-44F5-95DA-1A71C7D2FD52}.Debug|x64.ActiveCfg = Debug|Any CPU
		{8359F232-A3ED-44F5-95DA-1A71C7D2FD52}.Debug|x64.Build.0 = Debug|Any CPU
		{8359F232-A3ED-44F5-95DA-1A71C7D2FD52}.Debug|x86.ActiveCfg = Debug|Any CPU
		{8359F232-A3ED-44F5-95DA-1A71C7D2FD52}.Debug|x86.Build.0 = Debug|Any CPU
		{8359F232-A3ED-44F5-95DA-1A71C7D2FD52}.Release|Any CPU.ActiveCfg = Release|Any CPU
		{8359F232-A3ED-44F5-95DA-1A71C7D2FD52}.Release|Any CPU.Build.0 = Release|Any CPU
		{8359F232-A3ED-44F5-95DA-1A71C7D2FD52}.Release|x64.ActiveCfg = Release|Any CPU
		{8359F232-A3ED-44F5-95DA-1A71C7D2FD52}.Release|x64.Build.0 = Release|Any CPU
		{8359F232-A3ED-44F5-95DA-1A71C7D2FD52}.Release|x86.ActiveCfg = Release|Any CPU
		{8359F232-A3ED-44F5-95DA-1A71C7D2FD52}.Release|x86.Build.0 = Release|Any CPU
		{1669541A-60E5-43B0-91A2-94E4C26F8BAC}.Debug|Any CPU.ActiveCfg = Debug|Any CPU
		{1669541A-60E5-43B0-91A2-94E4C26F8BAC}.Debug|Any CPU.Build.0 = Debug|Any CPU
		{1669541A-60E5-43B0-91A2-94E4C26F8BAC}.Debug|x64.ActiveCfg = Debug|Any CPU
		{1669541A-60E5-43B0-91A2-94E4C26F8BAC}.Debug|x64.Build.0 = Debug|Any CPU
		{1669541A-60E5-43B0-91A2-94E4C26F8BAC}.Debug|x86.ActiveCfg = Debug|Any CPU
		{1669541A-60E5-43B0-91A2-94E4C26F8BAC}.Debug|x86.Build.0 = Debug|Any CPU
		{1669541A-60E5-43B0-91A2-94E4C26F8BAC}.Release|Any CPU.ActiveCfg = Release|Any CPU
		{1669541A-60E5-43B0-91A2-94E4C26F8BAC}.Release|Any CPU.Build.0 = Release|Any CPU
		{1669541A-60E5-43B0-91A2-94E4C26F8BAC}.Release|x64.ActiveCfg = Release|Any CPU
		{1669541A-60E5-43B0-91A2-94E4C26F8BAC}.Release|x64.Build.0 = Release|Any CPU
		{1669541A-60E5-43B0-91A2-94E4C26F8BAC}.Release|x86.ActiveCfg = Release|Any CPU
		{1669541A-60E5-43B0-91A2-94E4C26F8BAC}.Release|x86.Build.0 = Release|Any CPU
		{CC0A062C-2EA6-48E9-A873-B042CBB80565}.Debug|Any CPU.ActiveCfg = Debug|Any CPU
		{CC0A062C-2EA6-48E9-A873-B042CBB80565}.Debug|Any CPU.Build.0 = Debug|Any CPU
		{CC0A062C-2EA6-48E9-A873-B042CBB80565}.Debug|x64.ActiveCfg = Debug|Any CPU
		{CC0A062C-2EA6-48E9-A873-B042CBB80565}.Debug|x64.Build.0 = Debug|Any CPU
		{CC0A062C-2EA6-48E9-A873-B042CBB80565}.Debug|x86.ActiveCfg = Debug|Any CPU
		{CC0A062C-2EA6-48E9-A873-B042CBB80565}.Debug|x86.Build.0 = Debug|Any CPU
		{CC0A062C-2EA6-48E9-A873-B042CBB80565}.Release|Any CPU.ActiveCfg = Release|Any CPU
		{CC0A062C-2EA6-48E9-A873-B042CBB80565}.Release|Any CPU.Build.0 = Release|Any CPU
		{CC0A062C-2EA6-48E9-A873-B042CBB80565}.Release|x64.ActiveCfg = Release|Any CPU
		{CC0A062C-2EA6-48E9-A873-B042CBB80565}.Release|x64.Build.0 = Release|Any CPU
		{CC0A062C-2EA6-48E9-A873-B042CBB80565}.Release|x86.ActiveCfg = Release|Any CPU
		{CC0A062C-2EA6-48E9-A873-B042CBB80565}.Release|x86.Build.0 = Release|Any CPU
		{8D74575C-ACEA-4B3A-9B9A-FA9F7C18B05A}.Debug|Any CPU.ActiveCfg = Debug|Any CPU
		{8D74575C-ACEA-4B3A-9B9A-FA9F7C18B05A}.Debug|Any CPU.Build.0 = Debug|Any CPU
		{8D74575C-ACEA-4B3A-9B9A-FA9F7C18B05A}.Debug|x64.ActiveCfg = Debug|Any CPU
		{8D74575C-ACEA-4B3A-9B9A-FA9F7C18B05A}.Debug|x64.Build.0 = Debug|Any CPU
		{8D74575C-ACEA-4B3A-9B9A-FA9F7C18B05A}.Debug|x86.ActiveCfg = Debug|Any CPU
		{8D74575C-ACEA-4B3A-9B9A-FA9F7C18B05A}.Debug|x86.Build.0 = Debug|Any CPU
		{8D74575C-ACEA-4B3A-9B9A-FA9F7C18B05A}.Release|Any CPU.ActiveCfg = Release|Any CPU
		{8D74575C-ACEA-4B3A-9B9A-FA9F7C18B05A}.Release|Any CPU.Build.0 = Release|Any CPU
		{8D74575C-ACEA-4B3A-9B9A-FA9F7C18B05A}.Release|x64.ActiveCfg = Release|Any CPU
		{8D74575C-ACEA-4B3A-9B9A-FA9F7C18B05A}.Release|x64.Build.0 = Release|Any CPU
		{8D74575C-ACEA-4B3A-9B9A-FA9F7C18B05A}.Release|x86.ActiveCfg = Release|Any CPU
		{8D74575C-ACEA-4B3A-9B9A-FA9F7C18B05A}.Release|x86.Build.0 = Release|Any CPU
		{7FFD3AE6-E25F-4D40-A3AD-5E0C065AA3F0}.Debug|Any CPU.ActiveCfg = Debug|Any CPU
		{7FFD3AE6-E25F-4D40-A3AD-5E0C065AA3F0}.Debug|Any CPU.Build.0 = Debug|Any CPU
		{7FFD3AE6-E25F-4D40-A3AD-5E0C065AA3F0}.Debug|x64.ActiveCfg = Debug|Any CPU
		{7FFD3AE6-E25F-4D40-A3AD-5E0C065AA3F0}.Debug|x64.Build.0 = Debug|Any CPU
		{7FFD3AE6-E25F-4D40-A3AD-5E0C065AA3F0}.Debug|x86.ActiveCfg = Debug|Any CPU
		{7FFD3AE6-E25F-4D40-A3AD-5E0C065AA3F0}.Debug|x86.Build.0 = Debug|Any CPU
		{7FFD3AE6-E25F-4D40-A3AD-5E0C065AA3F0}.Release|Any CPU.ActiveCfg = Release|Any CPU
		{7FFD3AE6-E25F-4D40-A3AD-5E0C065AA3F0}.Release|Any CPU.Build.0 = Release|Any CPU
		{7FFD3AE6-E25F-4D40-A3AD-5E0C065AA3F0}.Release|x64.ActiveCfg = Release|Any CPU
		{7FFD3AE6-E25F-4D40-A3AD-5E0C065AA3F0}.Release|x64.Build.0 = Release|Any CPU
		{7FFD3AE6-E25F-4D40-A3AD-5E0C065AA3F0}.Release|x86.ActiveCfg = Release|Any CPU
		{7FFD3AE6-E25F-4D40-A3AD-5E0C065AA3F0}.Release|x86.Build.0 = Release|Any CPU
		{CA3FAD45-0545-4AFA-9F7A-AE5B06A824C7}.Debug|Any CPU.ActiveCfg = Debug|Any CPU
		{CA3FAD45-0545-4AFA-9F7A-AE5B06A824C7}.Debug|Any CPU.Build.0 = Debug|Any CPU
		{CA3FAD45-0545-4AFA-9F7A-AE5B06A824C7}.Debug|x64.ActiveCfg = Debug|Any CPU
		{CA3FAD45-0545-4AFA-9F7A-AE5B06A824C7}.Debug|x64.Build.0 = Debug|Any CPU
		{CA3FAD45-0545-4AFA-9F7A-AE5B06A824C7}.Debug|x86.ActiveCfg = Debug|Any CPU
		{CA3FAD45-0545-4AFA-9F7A-AE5B06A824C7}.Debug|x86.Build.0 = Debug|Any CPU
		{CA3FAD45-0545-4AFA-9F7A-AE5B06A824C7}.Release|Any CPU.ActiveCfg = Release|Any CPU
		{CA3FAD45-0545-4AFA-9F7A-AE5B06A824C7}.Release|Any CPU.Build.0 = Release|Any CPU
		{CA3FAD45-0545-4AFA-9F7A-AE5B06A824C7}.Release|x64.ActiveCfg = Release|Any CPU
		{CA3FAD45-0545-4AFA-9F7A-AE5B06A824C7}.Release|x64.Build.0 = Release|Any CPU
		{CA3FAD45-0545-4AFA-9F7A-AE5B06A824C7}.Release|x86.ActiveCfg = Release|Any CPU
		{CA3FAD45-0545-4AFA-9F7A-AE5B06A824C7}.Release|x86.Build.0 = Release|Any CPU
		{75CAA4AA-672F-412A-895C-4D5E38FCA6B1}.Debug|Any CPU.ActiveCfg = Debug|Any CPU
		{75CAA4AA-672F-412A-895C-4D5E38FCA6B1}.Debug|Any CPU.Build.0 = Debug|Any CPU
		{75CAA4AA-672F-412A-895C-4D5E38FCA6B1}.Debug|x64.ActiveCfg = Debug|Any CPU
		{75CAA4AA-672F-412A-895C-4D5E38FCA6B1}.Debug|x64.Build.0 = Debug|Any CPU
		{75CAA4AA-672F-412A-895C-4D5E38FCA6B1}.Debug|x86.ActiveCfg = Debug|Any CPU
		{75CAA4AA-672F-412A-895C-4D5E38FCA6B1}.Debug|x86.Build.0 = Debug|Any CPU
		{75CAA4AA-672F-412A-895C-4D5E38FCA6B1}.Release|Any CPU.ActiveCfg = Release|Any CPU
		{75CAA4AA-672F-412A-895C-4D5E38FCA6B1}.Release|Any CPU.Build.0 = Release|Any CPU
		{75CAA4AA-672F-412A-895C-4D5E38FCA6B1}.Release|x64.ActiveCfg = Release|Any CPU
		{75CAA4AA-672F-412A-895C-4D5E38FCA6B1}.Release|x64.Build.0 = Release|Any CPU
		{75CAA4AA-672F-412A-895C-4D5E38FCA6B1}.Release|x86.ActiveCfg = Release|Any CPU
		{75CAA4AA-672F-412A-895C-4D5E38FCA6B1}.Release|x86.Build.0 = Release|Any CPU
		{7CE2A787-B530-4D42-AE4B-306A7197BE9D}.Debug|Any CPU.ActiveCfg = Debug|Any CPU
		{7CE2A787-B530-4D42-AE4B-306A7197BE9D}.Debug|Any CPU.Build.0 = Debug|Any CPU
		{7CE2A787-B530-4D42-AE4B-306A7197BE9D}.Debug|x64.ActiveCfg = Debug|Any CPU
		{7CE2A787-B530-4D42-AE4B-306A7197BE9D}.Debug|x64.Build.0 = Debug|Any CPU
		{7CE2A787-B530-4D42-AE4B-306A7197BE9D}.Debug|x86.ActiveCfg = Debug|Any CPU
		{7CE2A787-B530-4D42-AE4B-306A7197BE9D}.Debug|x86.Build.0 = Debug|Any CPU
		{7CE2A787-B530-4D42-AE4B-306A7197BE9D}.Release|Any CPU.ActiveCfg = Release|Any CPU
		{7CE2A787-B530-4D42-AE4B-306A7197BE9D}.Release|Any CPU.Build.0 = Release|Any CPU
		{7CE2A787-B530-4D42-AE4B-306A7197BE9D}.Release|x64.ActiveCfg = Release|Any CPU
		{7CE2A787-B530-4D42-AE4B-306A7197BE9D}.Release|x64.Build.0 = Release|Any CPU
		{7CE2A787-B530-4D42-AE4B-306A7197BE9D}.Release|x86.ActiveCfg = Release|Any CPU
		{7CE2A787-B530-4D42-AE4B-306A7197BE9D}.Release|x86.Build.0 = Release|Any CPU
		{C3916F9A-F35A-47CF-9C48-60F819C9E44E}.Debug|Any CPU.ActiveCfg = Debug|Any CPU
		{C3916F9A-F35A-47CF-9C48-60F819C9E44E}.Debug|Any CPU.Build.0 = Debug|Any CPU
		{C3916F9A-F35A-47CF-9C48-60F819C9E44E}.Debug|x64.ActiveCfg = Debug|Any CPU
		{C3916F9A-F35A-47CF-9C48-60F819C9E44E}.Debug|x64.Build.0 = Debug|Any CPU
		{C3916F9A-F35A-47CF-9C48-60F819C9E44E}.Debug|x86.ActiveCfg = Debug|Any CPU
		{C3916F9A-F35A-47CF-9C48-60F819C9E44E}.Debug|x86.Build.0 = Debug|Any CPU
		{C3916F9A-F35A-47CF-9C48-60F819C9E44E}.Release|Any CPU.ActiveCfg = Release|Any CPU
		{C3916F9A-F35A-47CF-9C48-60F819C9E44E}.Release|Any CPU.Build.0 = Release|Any CPU
		{C3916F9A-F35A-47CF-9C48-60F819C9E44E}.Release|x64.ActiveCfg = Release|Any CPU
		{C3916F9A-F35A-47CF-9C48-60F819C9E44E}.Release|x64.Build.0 = Release|Any CPU
		{C3916F9A-F35A-47CF-9C48-60F819C9E44E}.Release|x86.ActiveCfg = Release|Any CPU
		{C3916F9A-F35A-47CF-9C48-60F819C9E44E}.Release|x86.Build.0 = Release|Any CPU
	EndGlobalSection
	GlobalSection(NestedProjects) = preSolution
		{8359F232-A3ED-44F5-95DA-1A71C7D2FD52} = {3BA6D2D7-AF7D-463F-BB18-8F65C742C862}
		{1669541A-60E5-43B0-91A2-94E4C26F8BAC} = {3BA6D2D7-AF7D-463F-BB18-8F65C742C862}
		{CC0A062C-2EA6-48E9-A873-B042CBB80565} = {B0047C76-717C-485C-80E4-FE88FCF47796}
		{8D74575C-ACEA-4B3A-9B9A-FA9F7C18B05A} = {B0047C76-717C-485C-80E4-FE88FCF47796}
		{7FFD3AE6-E25F-4D40-A3AD-5E0C065AA3F0} = {B0047C76-717C-485C-80E4-FE88FCF47796}
		{CA3FAD45-0545-4AFA-9F7A-AE5B06A824C7} = {B0047C76-717C-485C-80E4-FE88FCF47796}
		{75CAA4AA-672F-412A-895C-4D5E38FCA6B1} = {B0047C76-717C-485C-80E4-FE88FCF47796}
		{7CE2A787-B530-4D42-AE4B-306A7197BE9D} = {3BA6D2D7-AF7D-463F-BB18-8F65C742C862}
		{C3916F9A-F35A-47CF-9C48-60F819C9E44E} = {3BA6D2D7-AF7D-463F-BB18-8F65C742C862}
	EndGlobalSection
EndGlobal
